{
  "nodes": {
    "d2b-src": {
      "flake": false,
      "locked": {
        "lastModified": 1784243006,
        "narHash": "sha256-H0IEHleS2dLCBxnosGF8ztkA/qTnsmyG6Y1QQIhZ4lU=",
        "owner": "vicondoa",
        "repo": "d2b",
        "rev": "4018d9c9652bd826c2e6a9abccdcdcafb832d944",
        "type": "github"
      },
      "original": {
        "owner": "vicondoa",
        "repo": "d2b",
        "rev": "4018d9c9652bd826c2e6a9abccdcdcafb832d944",
        "type": "github"
      }
    },
    "nixpkgs": {
      "locked": {
        "lastModified": 1783224372,
        "narHash": "sha256-8i/87eeoqiGE4yOTjwSA3Eh/ziJRQEmd/unYU+K27sk=",
        "owner": "NixOS",
        "repo": "nixpkgs",
        "rev": "d407951447dcd00442e97087bf374aad70c04cea",
        "type": "github"
      },
      "original": {
        "owner": "NixOS",
        "ref": "nixos-unstable",
        "repo": "nixpkgs",
        "type": "github"
      }
    },
    "root": {
      "inputs": {
        "d2b-src": "d2b-src",
        "nixpkgs": "nixpkgs"
      }
    }
  },
  "root": "root",
  "version": 7
}
