{
  "nodes": {
    "d2b-src": {
      "flake": false,
      "locked": {
        "lastModified": 1784184257,
        "narHash": "sha256-/9uWTwP4wTSz5L3/+qfK4/96NHDhy61Pjg5YdeIlYCw=",
        "owner": "vicondoa",
        "repo": "d2b",
        "rev": "9183b45c6505cfd496e5d537bf6376f884fb16c7",
        "type": "github"
      },
      "original": {
        "owner": "vicondoa",
        "repo": "d2b",
        "rev": "9183b45c6505cfd496e5d537bf6376f884fb16c7",
        "type": "github"
      }
    },
    "nixpkgs": {
      "locked": {
        "lastModified": 1783224372,
        "narHash": "sha256-8i/87eeoqiGE4yOTjwSA3Eh/ziJRQEmd/unYU+K27sk=",
        "owner": "NixOS",
        "repo": "nixpkgs",
        "rev": "d407951447dcd00442e97087bf374aad70c04cea",
        "type": "github"
      },
      "original": {
        "owner": "NixOS",
        "ref": "nixos-unstable",
        "repo": "nixpkgs",
        "type": "github"
      }
    },
    "root": {
      "inputs": {
        "d2b-src": "d2b-src",
        "nixpkgs": "nixpkgs"
      }
    }
  },
  "root": "root",
  "version": 7
}
